
Microsoft Visual Studio Solution File, Format Version 12.00
# Visual Studio Version 17
VisualStudioVersion = 17.11.35312.102
MinimumVisualStudioVersion = 10.0.40219.1
Project("{8BC9CEB8-8B4A-11D0-8D11-00A0C91BC942}") = "T6_ZigZag_Conversion", "T6_ZigZag_Conversion\T6_ZigZag_Conversion.vcxproj", "{903CF7EA-DCFB-4682-8509-FC16141229A5}"
EndProject
Project("{8BC9CEB8-8B4A-11D0-8D11-00A0C91BC942}") = "T217_Contains_Duplicate", "T217_Contains_Duplicate\T217_Contains_Duplicate.vcxproj", "{63C8CBF1-11B1-43F4-A228-3BF319406738}"
EndProject
Project("{8BC9CEB8-8B4A-11D0-8D11-00A0C91BC942}") = "T242_Valid_Anagram", "T242_Valid_Anagram\T242_Valid_Anagram.vcxproj", "{504FB6A2-0B91-42C6-9C76-691017743739}"
EndProject
Project("{8BC9CEB8-8B4A-11D0-8D11-00A0C91BC942}") = "T1_Two_Sum", "T1_Two_Sum\T1_Two_Sum.vcxproj", "{AA7EAF93-F3B4-4F9B-8F95-46EF1D18B4E4}"
EndProject
Project("{8BC9CEB8-8B4A-11D0-8D11-00A0C91BC942}") = "T49_Group_Anagrams", "T49_Group_Anagrams\T49_Group_Anagrams.vcxproj", "{7E480FCC-0103-453A-9F54-D9F7CFDDBF9D}"
EndProject
Project("{8BC9CEB8-8B4A-11D0-8D11-00A0C91BC942}") = "T347_Top_K_Frequent_Elements", "T347_Top_K_Frequent_Elements\T347_Top_K_Frequent_Elements.vcxproj", "{134A9363-2CAC-48A8-9264-A7CD0DB69CB3}"
EndProject
Project("{8BC9CEB8-8B4A-11D0-8D11-00A0C91BC942}") = "T167_Two_Sum_II", "T167_Two_Sum_II\T167_Two_Sum_II.vcxproj", "{C48B601F-695B-4E6C-9885-3238F3D1FFFF}"
EndProject
Project("{8BC9CEB8-8B4A-11D0-8D11-00A0C91BC942}") = "T567_Permutation_In_String", "T567_Permutation_In_String\T567_Permutation_In_String.vcxproj", "{B89AF66A-42E0-4A86-9F2B-3DF5FD53ABF7}"
EndProject
Project("{8BC9CEB8-8B4A-11D0-8D11-00A0C91BC942}") = "T704_Binary_Search", "T704_Binary_Search\T704_Binary_Search.vcxproj", "{9AEA05BC-AA82-4478-B9D8-389957D4A4FB}"
EndProject
Project("{8BC9CEB8-8B4A-11D0-8D11-00A0C91BC942}") = "T1768_Merge_Strings_Alternately", "T1768_Merge_Strings_alternately\T1768_Merge_Strings_alternately.vcxproj", "{03614F80-B12B-4666-A0E4-425FC92F914A}"
EndProject
Project("{8BC9CEB8-8B4A-11D0-8D11-00A0C91BC942}") = "T1071_Greatest_Common_Divisor_Of_Strings", "T1071_Greatest_Common_Divisor_Of_Strings\T1071_Greatest_Common_Divisor_Of_Strings.vcxproj", "{61A1912E-D4D3-42C4-88B5-2C40CD591ADF}"
EndProject
Project("{8BC9CEB8-8B4A-11D0-8D11-00A0C91BC942}") = "T1431_Kids_With_Greatest_Number_Of_Candies", "T1431_Kids_With_Greatest_Number_Of_Candies\T1431_Kids_With_Greatest_Number_Of_Candies.vcxproj", "{B0647842-82EE-4E3F-A023-E67FA623F099}"
EndProject
Project("{8BC9CEB8-8B4A-11D0-8D11-00A0C91BC942}") = "T605_Can_Place_Flowers", "T605_Can_Place_Flowers\T605_Can_Place_Flowers.vcxproj", "{EA2E34A0-C956-416C-820C-4FB561ACE8D5}"
EndProject
Project("{8BC9CEB8-8B4A-11D0-8D11-00A0C91BC942}") = "T345_Reverse_Vowels_Of_A_String", "T345_Reverse_Vowels_Of_A_String\T345_Reverse_Vowels_Of_A_String.vcxproj", "{9682E7A8-FBCC-4723-BF08-8CD3EA6ED1C6}"
EndProject
Project("{8BC9CEB8-8B4A-11D0-8D11-00A0C91BC942}") = "T151_Reverse_Words_In_String", "T151_Reverse_Words_In_String\T151_Reverse_Words_In_String.vcxproj", "{A8E393CE-FFE2-42A3-83E4-3C0DF6C50658}"
EndProject
Project("{8BC9CEB8-8B4A-11D0-8D11-00A0C91BC942}") = "T27_Remove_Element", "T27_Remove_Element\T27_Remove_Element.vcxproj", "{47AC2EF8-C4DE-4C5B-B0F8-8EBB1A13D64D}"
EndProject
Project("{8BC9CEB8-8B4A-11D0-8D11-00A0C91BC942}") = "T2225_Find_Players_With_Zero_Or_One_Losses", "T2225_Find_Players_With_Zero_Or_One_Losses\T2225_Find_Players_With_Zero_Or_One_Losses.vcxproj", "{81C97CBF-FE37-45D6-BF04-53D63BEFF2A8}"
EndProject
Project("{8BC9CEB8-8B4A-11D0-8D11-00A0C91BC942}") = "T238_Product_Of_Array_Except_Self", "T238_Product_Of_Array_Except_Self\T238_Product_Of_Array_Except_Self.vcxproj", "{B7A61585-0E80-4E1F-BB33-E2AD18B01D38}"
EndProject
Project("{8BC9CEB8-8B4A-11D0-8D11-00A0C91BC942}") = "T392_Is_Subsequence", "T392_Is_Subsequence\T392_Is_Subsequence.vcxproj", "{D32E57F3-BB5D-4A42-8BCB-01BDE6561E0A}"
EndProject
Project("{8BC9CEB8-8B4A-11D0-8D11-00A0C91BC942}") = "T11_Container_With_Most_Water", "T11_Container_With_Most_Water\T11_Container_With_Most_Water.vcxproj", "{9F7B83DB-419F-48F8-9217-5661B62DF915}"
EndProject
Project("{8BC9CEB8-8B4A-11D0-8D11-00A0C91BC942}") = "T2215_Find_The_Difference_Of_Two_Arrays", "T2215_Find_The_Difference_Of_Two_Arrays\T2215_Find_The_Difference_Of_Two_Arrays.vcxproj", "{6DF899CD-8392-47B4-956D-6EAACC468117}"
EndProject
Project("{8BC9CEB8-8B4A-11D0-8D11-00A0C91BC942}") = "T1207_Unique_Number_Of_Occurrences", "T1207_Unique_Number_Of_Occurrences\T1207_Unique_Number_Of_Occurrences.vcxproj", "{6CC230AD-44CA-4B34-A867-B89818B3742C}"
EndProject
Project("{8BC9CEB8-8B4A-11D0-8D11-00A0C91BC942}") = "T1657_Determine_If_Two_Strings_Are_Close", "T1657_Determine_If_Two_Strings_Are_Close\T1657_Determine_If_Two_Strings_Are_Close.vcxproj", "{098AD2B5-663A-4E2C-BAC1-AA6DD716DE51}"
EndProject
Project("{8BC9CEB8-8B4A-11D0-8D11-00A0C91BC942}") = "T2095_Delete_Middle_Node_Of_Linked_List", "T2095_Delete_Middle_Node_Of_Linked_List\T2095_Delete_Middle_Node_Of_Linked_List.vcxproj", "{9FAD81EB-22E5-413A-9058-B61A799E1B8D}"
EndProject
Global
	GlobalSection(SolutionConfigurationPlatforms) = preSolution
		Debug|x64 = Debug|x64
		Debug|x86 = Debug|x86
		Release|x64 = Release|x64
		Release|x86 = Release|x86
	EndGlobalSection
	GlobalSection(ProjectConfigurationPlatforms) = postSolution
		{903CF7EA-DCFB-4682-8509-FC16141229A5}.Debug|x64.ActiveCfg = Debug|x64
		{903CF7EA-DCFB-4682-8509-FC16141229A5}.Debug|x64.Build.0 = Debug|x64
		{903CF7EA-DCFB-4682-8509-FC16141229A5}.Debug|x86.ActiveCfg = Debug|Win32
		{903CF7EA-DCFB-4682-8509-FC16141229A5}.Debug|x86.Build.0 = Debug|Win32
		{903CF7EA-DCFB-4682-8509-FC16141229A5}.Release|x64.ActiveCfg = Release|x64
		{903CF7EA-DCFB-4682-8509-FC16141229A5}.Release|x64.Build.0 = Release|x64
		{903CF7EA-DCFB-4682-8509-FC16141229A5}.Release|x86.ActiveCfg = Release|Win32
		{903CF7EA-DCFB-4682-8509-FC16141229A5}.Release|x86.Build.0 = Release|Win32
		{63C8CBF1-11B1-43F4-A228-3BF319406738}.Debug|x64.ActiveCfg = Debug|x64
		{63C8CBF1-11B1-43F4-A228-3BF319406738}.Debug|x64.Build.0 = Debug|x64
		{63C8CBF1-11B1-43F4-A228-3BF319406738}.Debug|x86.ActiveCfg = Debug|Win32
		{63C8CBF1-11B1-43F4-A228-3BF319406738}.Debug|x86.Build.0 = Debug|Win32
		{63C8CBF1-11B1-43F4-A228-3BF319406738}.Release|x64.ActiveCfg = Release|x64
		{63C8CBF1-11B1-43F4-A228-3BF319406738}.Release|x64.Build.0 = Release|x64
		{63C8CBF1-11B1-43F4-A228-3BF319406738}.Release|x86.ActiveCfg = Release|Win32
		{63C8CBF1-11B1-43F4-A228-3BF319406738}.Release|x86.Build.0 = Release|Win32
		{504FB6A2-0B91-42C6-9C76-691017743739}.Debug|x64.ActiveCfg = Debug|x64
		{504FB6A2-0B91-42C6-9C76-691017743739}.Debug|x64.Build.0 = Debug|x64
		{504FB6A2-0B91-42C6-9C76-691017743739}.Debug|x86.ActiveCfg = Debug|Win32
		{504FB6A2-0B91-42C6-9C76-691017743739}.Debug|x86.Build.0 = Debug|Win32
		{504FB6A2-0B91-42C6-9C76-691017743739}.Release|x64.ActiveCfg = Release|x64
		{504FB6A2-0B91-42C6-9C76-691017743739}.Release|x64.Build.0 = Release|x64
		{504FB6A2-0B91-42C6-9C76-691017743739}.Release|x86.ActiveCfg = Release|Win32
		{504FB6A2-0B91-42C6-9C76-691017743739}.Release|x86.Build.0 = Release|Win32
		{AA7EAF93-F3B4-4F9B-8F95-46EF1D18B4E4}.Debug|x64.ActiveCfg = Debug|x64
		{AA7EAF93-F3B4-4F9B-8F95-46EF1D18B4E4}.Debug|x64.Build.0 = Debug|x64
		{AA7EAF93-F3B4-4F9B-8F95-46EF1D18B4E4}.Debug|x86.ActiveCfg = Debug|Win32
		{AA7EAF93-F3B4-4F9B-8F95-46EF1D18B4E4}.Debug|x86.Build.0 = Debug|Win32
		{AA7EAF93-F3B4-4F9B-8F95-46EF1D18B4E4}.Release|x64.ActiveCfg = Release|x64
		{AA7EAF93-F3B4-4F9B-8F95-46EF1D18B4E4}.Release|x64.Build.0 = Release|x64
		{AA7EAF93-F3B4-4F9B-8F95-46EF1D18B4E4}.Release|x86.ActiveCfg = Release|Win32
		{AA7EAF93-F3B4-4F9B-8F95-46EF1D18B4E4}.Release|x86.Build.0 = Release|Win32
		{7E480FCC-0103-453A-9F54-D9F7CFDDBF9D}.Debug|x64.ActiveCfg = Debug|x64
		{7E480FCC-0103-453A-9F54-D9F7CFDDBF9D}.Debug|x64.Build.0 = Debug|x64
		{7E480FCC-0103-453A-9F54-D9F7CFDDBF9D}.Debug|x86.ActiveCfg = Debug|Win32
		{7E480FCC-0103-453A-9F54-D9F7CFDDBF9D}.Debug|x86.Build.0 = Debug|Win32
		{7E480FCC-0103-453A-9F54-D9F7CFDDBF9D}.Release|x64.ActiveCfg = Release|x64
		{7E480FCC-0103-453A-9F54-D9F7CFDDBF9D}.Release|x64.Build.0 = Release|x64
		{7E480FCC-0103-453A-9F54-D9F7CFDDBF9D}.Release|x86.ActiveCfg = Release|Win32
		{7E480FCC-0103-453A-9F54-D9F7CFDDBF9D}.Release|x86.Build.0 = Release|Win32
		{134A9363-2CAC-48A8-9264-A7CD0DB69CB3}.Debug|x64.ActiveCfg = Debug|x64
		{134A9363-2CAC-48A8-9264-A7CD0DB69CB3}.Debug|x64.Build.0 = Debug|x64
		{134A9363-2CAC-48A8-9264-A7CD0DB69CB3}.Debug|x86.ActiveCfg = Debug|Win32
		{134A9363-2CAC-48A8-9264-A7CD0DB69CB3}.Debug|x86.Build.0 = Debug|Win32
		{134A9363-2CAC-48A8-9264-A7CD0DB69CB3}.Release|x64.ActiveCfg = Release|x64
		{134A9363-2CAC-48A8-9264-A7CD0DB69CB3}.Release|x64.Build.0 = Release|x64
		{134A9363-2CAC-48A8-9264-A7CD0DB69CB3}.Release|x86.ActiveCfg = Release|Win32
		{134A9363-2CAC-48A8-9264-A7CD0DB69CB3}.Release|x86.Build.0 = Release|Win32
		{C48B601F-695B-4E6C-9885-3238F3D1FFFF}.Debug|x64.ActiveCfg = Debug|x64
		{C48B601F-695B-4E6C-9885-3238F3D1FFFF}.Debug|x64.Build.0 = Debug|x64
		{C48B601F-695B-4E6C-9885-3238F3D1FFFF}.Debug|x86.ActiveCfg = Debug|Win32
		{C48B601F-695B-4E6C-9885-3238F3D1FFFF}.Debug|x86.Build.0 = Debug|Win32
		{C48B601F-695B-4E6C-9885-3238F3D1FFFF}.Release|x64.ActiveCfg = Release|x64
		{C48B601F-695B-4E6C-9885-3238F3D1FFFF}.Release|x64.Build.0 = Release|x64
		{C48B601F-695B-4E6C-9885-3238F3D1FFFF}.Release|x86.ActiveCfg = Release|Win32
		{C48B601F-695B-4E6C-9885-3238F3D1FFFF}.Release|x86.Build.0 = Release|Win32
		{B89AF66A-42E0-4A86-9F2B-3DF5FD53ABF7}.Debug|x64.ActiveCfg = Debug|x64
		{B89AF66A-42E0-4A86-9F2B-3DF5FD53ABF7}.Debug|x64.Build.0 = Debug|x64
		{B89AF66A-42E0-4A86-9F2B-3DF5FD53ABF7}.Debug|x86.ActiveCfg = Debug|Win32
		{B89AF66A-42E0-4A86-9F2B-3DF5FD53ABF7}.Debug|x86.Build.0 = Debug|Win32
		{B89AF66A-42E0-4A86-9F2B-3DF5FD53ABF7}.Release|x64.ActiveCfg = Release|x64
		{B89AF66A-42E0-4A86-9F2B-3DF5FD53ABF7}.Release|x64.Build.0 = Release|x64
		{B89AF66A-42E0-4A86-9F2B-3DF5FD53ABF7}.Release|x86.ActiveCfg = Release|Win32
		{B89AF66A-42E0-4A86-9F2B-3DF5FD53ABF7}.Release|x86.Build.0 = Release|Win32
		{9AEA05BC-AA82-4478-B9D8-389957D4A4FB}.Debug|x64.ActiveCfg = Debug|x64
		{9AEA05BC-AA82-4478-B9D8-389957D4A4FB}.Debug|x64.Build.0 = Debug|x64
		{9AEA05BC-AA82-4478-B9D8-389957D4A4FB}.Debug|x86.ActiveCfg = Debug|Win32
		{9AEA05BC-AA82-4478-B9D8-389957D4A4FB}.Debug|x86.Build.0 = Debug|Win32
		{9AEA05BC-AA82-4478-B9D8-389957D4A4FB}.Release|x64.ActiveCfg = Release|x64
		{9AEA05BC-AA82-4478-B9D8-389957D4A4FB}.Release|x64.Build.0 = Release|x64
		{9AEA05BC-AA82-4478-B9D8-389957D4A4FB}.Release|x86.ActiveCfg = Release|Win32
		{9AEA05BC-AA82-4478-B9D8-389957D4A4FB}.Release|x86.Build.0 = Release|Win32
		{03614F80-B12B-4666-A0E4-425FC92F914A}.Debug|x64.ActiveCfg = Debug|x64
		{03614F80-B12B-4666-A0E4-425FC92F914A}.Debug|x64.Build.0 = Debug|x64
		{03614F80-B12B-4666-A0E4-425FC92F914A}.Debug|x86.ActiveCfg = Debug|Win32
		{03614F80-B12B-4666-A0E4-425FC92F914A}.Debug|x86.Build.0 = Debug|Win32
		{03614F80-B12B-4666-A0E4-425FC92F914A}.Release|x64.ActiveCfg = Release|x64
		{03614F80-B12B-4666-A0E4-425FC92F914A}.Release|x64.Build.0 = Release|x64
		{03614F80-B12B-4666-A0E4-425FC92F914A}.Release|x86.ActiveCfg = Release|Win32
		{03614F80-B12B-4666-A0E4-425FC92F914A}.Release|x86.Build.0 = Release|Win32
		{61A1912E-D4D3-42C4-88B5-2C40CD591ADF}.Debug|x64.ActiveCfg = Debug|x64
		{61A1912E-D4D3-42C4-88B5-2C40CD591ADF}.Debug|x64.Build.0 = Debug|x64
		{61A1912E-D4D3-42C4-88B5-2C40CD591ADF}.Debug|x86.ActiveCfg = Debug|Win32
		{61A1912E-D4D3-42C4-88B5-2C40CD591ADF}.Debug|x86.Build.0 = Debug|Win32
		{61A1912E-D4D3-42C4-88B5-2C40CD591ADF}.Release|x64.ActiveCfg = Release|x64
		{61A1912E-D4D3-42C4-88B5-2C40CD591ADF}.Release|x64.Build.0 = Release|x64
		{61A1912E-D4D3-42C4-88B5-2C40CD591ADF}.Release|x86.ActiveCfg = Release|Win32
		{61A1912E-D4D3-42C4-88B5-2C40CD591ADF}.Release|x86.Build.0 = Release|Win32
		{B0647842-82EE-4E3F-A023-E67FA623F099}.Debug|x64.ActiveCfg = Debug|x64
		{B0647842-82EE-4E3F-A023-E67FA623F099}.Debug|x64.Build.0 = Debug|x64
		{B0647842-82EE-4E3F-A023-E67FA623F099}.Debug|x86.ActiveCfg = Debug|Win32
		{B0647842-82EE-4E3F-A023-E67FA623F099}.Debug|x86.Build.0 = Debug|Win32
		{B0647842-82EE-4E3F-A023-E67FA623F099}.Release|x64.ActiveCfg = Release|x64
		{B0647842-82EE-4E3F-A023-E67FA623F099}.Release|x64.Build.0 = Release|x64
		{B0647842-82EE-4E3F-A023-E67FA623F099}.Release|x86.ActiveCfg = Release|Win32
		{B0647842-82EE-4E3F-A023-E67FA623F099}.Release|x86.Build.0 = Release|Win32
		{EA2E34A0-C956-416C-820C-4FB561ACE8D5}.Debug|x64.ActiveCfg = Debug|x64
		{EA2E34A0-C956-416C-820C-4FB561ACE8D5}.Debug|x64.Build.0 = Debug|x64
		{EA2E34A0-C956-416C-820C-4FB561ACE8D5}.Debug|x86.ActiveCfg = Debug|Win32
		{EA2E34A0-C956-416C-820C-4FB561ACE8D5}.Debug|x86.Build.0 = Debug|Win32
		{EA2E34A0-C956-416C-820C-4FB561ACE8D5}.Release|x64.ActiveCfg = Release|x64
		{EA2E34A0-C956-416C-820C-4FB561ACE8D5}.Release|x64.Build.0 = Release|x64
		{EA2E34A0-C956-416C-820C-4FB561ACE8D5}.Release|x86.ActiveCfg = Release|Win32
		{EA2E34A0-C956-416C-820C-4FB561ACE8D5}.Release|x86.Build.0 = Release|Win32
		{9682E7A8-FBCC-4723-BF08-8CD3EA6ED1C6}.Debug|x64.ActiveCfg = Debug|x64
		{9682E7A8-FBCC-4723-BF08-8CD3EA6ED1C6}.Debug|x64.Build.0 = Debug|x64
		{9682E7A8-FBCC-4723-BF08-8CD3EA6ED1C6}.Debug|x86.ActiveCfg = Debug|Win32
		{9682E7A8-FBCC-4723-BF08-8CD3EA6ED1C6}.Debug|x86.Build.0 = Debug|Win32
		{9682E7A8-FBCC-4723-BF08-8CD3EA6ED1C6}.Release|x64.ActiveCfg = Release|x64
		{9682E7A8-FBCC-4723-BF08-8CD3EA6ED1C6}.Release|x64.Build.0 = Release|x64
		{9682E7A8-FBCC-4723-BF08-8CD3EA6ED1C6}.Release|x86.ActiveCfg = Release|Win32
		{9682E7A8-FBCC-4723-BF08-8CD3EA6ED1C6}.Release|x86.Build.0 = Release|Win32
		{A8E393CE-FFE2-42A3-83E4-3C0DF6C50658}.Debug|x64.ActiveCfg = Debug|x64
		{A8E393CE-FFE2-42A3-83E4-3C0DF6C50658}.Debug|x64.Build.0 = Debug|x64
		{A8E393CE-FFE2-42A3-83E4-3C0DF6C50658}.Debug|x86.ActiveCfg = Debug|Win32
		{A8E393CE-FFE2-42A3-83E4-3C0DF6C50658}.Debug|x86.Build.0 = Debug|Win32
		{A8E393CE-FFE2-42A3-83E4-3C0DF6C50658}.Release|x64.ActiveCfg = Release|x64
		{A8E393CE-FFE2-42A3-83E4-3C0DF6C50658}.Release|x64.Build.0 = Release|x64
		{A8E393CE-FFE2-42A3-83E4-3C0DF6C50658}.Release|x86.ActiveCfg = Release|Win32
		{A8E393CE-FFE2-42A3-83E4-3C0DF6C50658}.Release|x86.Build.0 = Release|Win32
		{47AC2EF8-C4DE-4C5B-B0F8-8EBB1A13D64D}.Debug|x64.ActiveCfg = Debug|x64
		{47AC2EF8-C4DE-4C5B-B0F8-8EBB1A13D64D}.Debug|x64.Build.0 = Debug|x64
		{47AC2EF8-C4DE-4C5B-B0F8-8EBB1A13D64D}.Debug|x86.ActiveCfg = Debug|Win32
		{47AC2EF8-C4DE-4C5B-B0F8-8EBB1A13D64D}.Debug|x86.Build.0 = Debug|Win32
		{47AC2EF8-C4DE-4C5B-B0F8-8EBB1A13D64D}.Release|x64.ActiveCfg = Release|x64
		{47AC2EF8-C4DE-4C5B-B0F8-8EBB1A13D64D}.Release|x64.Build.0 = Release|x64
		{47AC2EF8-C4DE-4C5B-B0F8-8EBB1A13D64D}.Release|x86.ActiveCfg = Release|Win32
		{47AC2EF8-C4DE-4C5B-B0F8-8EBB1A13D64D}.Release|x86.Build.0 = Release|Win32
		{81C97CBF-FE37-45D6-BF04-53D63BEFF2A8}.Debug|x64.ActiveCfg = Debug|x64
		{81C97CBF-FE37-45D6-BF04-53D63BEFF2A8}.Debug|x64.Build.0 = Debug|x64
		{81C97CBF-FE37-45D6-BF04-53D63BEFF2A8}.Debug|x86.ActiveCfg = Debug|Win32
		{81C97CBF-FE37-45D6-BF04-53D63BEFF2A8}.Debug|x86.Build.0 = Debug|Win32
		{81C97CBF-FE37-45D6-BF04-53D63BEFF2A8}.Release|x64.ActiveCfg = Release|x64
		{81C97CBF-FE37-45D6-BF04-53D63BEFF2A8}.Release|x64.Build.0 = Release|x64
		{81C97CBF-FE37-45D6-BF04-53D63BEFF2A8}.Release|x86.ActiveCfg = Release|Win32
		{81C97CBF-FE37-45D6-BF04-53D63BEFF2A8}.Release|x86.Build.0 = Release|Win32
		{B7A61585-0E80-4E1F-BB33-E2AD18B01D38}.Debug|x64.ActiveCfg = Debug|x64
		{B7A61585-0E80-4E1F-BB33-E2AD18B01D38}.Debug|x64.Build.0 = Debug|x64
		{B7A61585-0E80-4E1F-BB33-E2AD18B01D38}.Debug|x86.ActiveCfg = Debug|Win32
		{B7A61585-0E80-4E1F-BB33-E2AD18B01D38}.Debug|x86.Build.0 = Debug|Win32
		{B7A61585-0E80-4E1F-BB33-E2AD18B01D38}.Release|x64.ActiveCfg = Release|x64
		{B7A61585-0E80-4E1F-BB33-E2AD18B01D38}.Release|x64.Build.0 = Release|x64
		{B7A61585-0E80-4E1F-BB33-E2AD18B01D38}.Release|x86.ActiveCfg = Release|Win32
		{B7A61585-0E80-4E1F-BB33-E2AD18B01D38}.Release|x86.Build.0 = Release|Win32
		{D32E57F3-BB5D-4A42-8BCB-01BDE6561E0A}.Debug|x64.ActiveCfg = Debug|x64
		{D32E57F3-BB5D-4A42-8BCB-01BDE6561E0A}.Debug|x64.Build.0 = Debug|x64
		{D32E57F3-BB5D-4A42-8BCB-01BDE6561E0A}.Debug|x86.ActiveCfg = Debug|Win32
		{D32E57F3-BB5D-4A42-8BCB-01BDE6561E0A}.Debug|x86.Build.0 = Debug|Win32
		{D32E57F3-BB5D-4A42-8BCB-01BDE6561E0A}.Release|x64.ActiveCfg = Release|x64
		{D32E57F3-BB5D-4A42-8BCB-01BDE6561E0A}.Release|x64.Build.0 = Release|x64
		{D32E57F3-BB5D-4A42-8BCB-01BDE6561E0A}.Release|x86.ActiveCfg = Release|Win32
		{D32E57F3-BB5D-4A42-8BCB-01BDE6561E0A}.Release|x86.Build.0 = Release|Win32
		{9F7B83DB-419F-48F8-9217-5661B62DF915}.Debug|x64.ActiveCfg = Debug|x64
		{9F7B83DB-419F-48F8-9217-5661B62DF915}.Debug|x64.Build.0 = Debug|x64
		{9F7B83DB-419F-48F8-9217-5661B62DF915}.Debug|x86.ActiveCfg = Debug|Win32
		{9F7B83DB-419F-48F8-9217-5661B62DF915}.Debug|x86.Build.0 = Debug|Win32
		{9F7B83DB-419F-48F8-9217-5661B62DF915}.Release|x64.ActiveCfg = Release|x64
		{9F7B83DB-419F-48F8-9217-5661B62DF915}.Release|x64.Build.0 = Release|x64
		{9F7B83DB-419F-48F8-9217-5661B62DF915}.Release|x86.ActiveCfg = Release|Win32
		{9F7B83DB-419F-48F8-9217-5661B62DF915}.Release|x86.Build.0 = Release|Win32
		{6DF899CD-8392-47B4-956D-6EAACC468117}.Debug|x64.ActiveCfg = Debug|x64
		{6DF899CD-8392-47B4-956D-6EAACC468117}.Debug|x64.Build.0 = Debug|x64
		{6DF899CD-8392-47B4-956D-6EAACC468117}.Debug|x86.ActiveCfg = Debug|Win32
		{6DF899CD-8392-47B4-956D-6EAACC468117}.Debug|x86.Build.0 = Debug|Win32
		{6DF899CD-8392-47B4-956D-6EAACC468117}.Release|x64.ActiveCfg = Release|x64
		{6DF899CD-8392-47B4-956D-6EAACC468117}.Release|x64.Build.0 = Release|x64
		{6DF899CD-8392-47B4-956D-6EAACC468117}.Release|x86.ActiveCfg = Release|Win32
		{6DF899CD-8392-47B4-956D-6EAACC468117}.Release|x86.Build.0 = Release|Win32
		{6CC230AD-44CA-4B34-A867-B89818B3742C}.Debug|x64.ActiveCfg = Debug|x64
		{6CC230AD-44CA-4B34-A867-B89818B3742C}.Debug|x64.Build.0 = Debug|x64
		{6CC230AD-44CA-4B34-A867-B89818B3742C}.Debug|x86.ActiveCfg = Debug|Win32
		{6CC230AD-44CA-4B34-A867-B89818B3742C}.Debug|x86.Build.0 = Debug|Win32
		{6CC230AD-44CA-4B34-A867-B89818B3742C}.Release|x64.ActiveCfg = Release|x64
		{6CC230AD-44CA-4B34-A867-B89818B3742C}.Release|x64.Build.0 = Release|x64
		{6CC230AD-44CA-4B34-A867-B89818B3742C}.Release|x86.ActiveCfg = Release|Win32
		{6CC230AD-44CA-4B34-A867-B89818B3742C}.Release|x86.Build.0 = Release|Win32
		{098AD2B5-663A-4E2C-BAC1-AA6DD716DE51}.Debug|x64.ActiveCfg = Debug|x64
		{098AD2B5-663A-4E2C-BAC1-AA6DD716DE51}.Debug|x64.Build.0 = Debug|x64
		{098AD2B5-663A-4E2C-BAC1-AA6DD716DE51}.Debug|x86.ActiveCfg = Debug|Win32
		{098AD2B5-663A-4E2C-BAC1-AA6DD716DE51}.Debug|x86.Build.0 = Debug|Win32
		{098AD2B5-663A-4E2C-BAC1-AA6DD716DE51}.Release|x64.ActiveCfg = Release|x64
		{098AD2B5-663A-4E2C-BAC1-AA6DD716DE51}.Release|x64.Build.0 = Release|x64
		{098AD2B5-663A-4E2C-BAC1-AA6DD716DE51}.Release|x86.ActiveCfg = Release|Win32
		{098AD2B5-663A-4E2C-BAC1-AA6DD716DE51}.Release|x86.Build.0 = Release|Win32
		{9FAD81EB-22E5-413A-9058-B61A799E1B8D}.Debug|x64.ActiveCfg = Debug|x64
		{9FAD81EB-22E5-413A-9058-B61A799E1B8D}.Debug|x64.Build.0 = Debug|x64
		{9FAD81EB-22E5-413A-9058-B61A799E1B8D}.Debug|x86.ActiveCfg = Debug|Win32
		{9FAD81EB-22E5-413A-9058-B61A799E1B8D}.Debug|x86.Build.0 = Debug|Win32
		{9FAD81EB-22E5-413A-9058-B61A799E1B8D}.Release|x64.ActiveCfg = Release|x64
		{9FAD81EB-22E5-413A-9058-B61A799E1B8D}.Release|x64.Build.0 = Release|x64
		{9FAD81EB-22E5-413A-9058-B61A799E1B8D}.Release|x86.ActiveCfg = Release|Win32
		{9FAD81EB-22E5-413A-9058-B61A799E1B8D}.Release|x86.Build.0 = Release|Win32
	EndGlobalSection
	GlobalSection(SolutionProperties) = preSolution
		HideSolutionNode = FALSE
	EndGlobalSection
	GlobalSection(ExtensibilityGlobals) = postSolution
		SolutionGuid = {FDD4D770-B905-454B-8D0B-F89CBFCF0287}
	EndGlobalSection
EndGlobal
